// !$*UTF8*$!
{
	archiveVersion = 1;
	classes = {
	};
	objectVersion = 46;
	objects = {

/* Begin PBXBuildFile section */
		96A269331D3CADE2003FADEA /* AppDelegate.swift in Sources */ = {isa = PBXBuildFile; fileRef = 96A269321D3CADE2003FADEA /* AppDelegate.swift */; };
		96A269351D3CADE2003FADEA /* ViewController.swift in Sources */ = {isa = PBXBuildFile; fileRef = 96A269341D3CADE2003FADEA /* ViewController.swift */; };
		96A269381D3CADE2003FADEA /* Main.storyboard in Resources */ = {isa = PBXBuildFile; fileRef = 96A269361D3CADE2003FADEA /* Main.storyboard */; };
		96A2693A1D3CADE2003FADEA /* Assets.xcassets in Resources */ = {isa = PBXBuildFile; fileRef = 96A269391D3CADE2003FADEA /* Assets.xcassets */; };
		96A2693D1D3CADE2003FADEA /* LaunchScreen.storyboard in Resources */ = {isa = PBXBuildFile; fileRef = 96A2693B1D3CADE2003FADEA /* LaunchScreen.storyboard */; };
		96A269481D3CADE2003FADEA /* SampleAudioStreamingTests.swift in Sources */ = {isa = PBXBuildFile; fileRef = 96A269471D3CADE2003FADEA /* SampleAudioStreamingTests.swift */; };
		96A269531D3CAE77003FADEA /* AVKit.framework in Frameworks */ = {isa = PBXBuildFile; fileRef = 96A269521D3CAE77003FADEA /* AVKit.framework */; };
		96A269571D3CAEB4003FADEA /* MainViewController.swift in Sources */ = {isa = PBXBuildFile; fileRef = 96A269551D3CAEB4003FADEA /* MainViewController.swift */; };
		96A269581D3CAEB4003FADEA /* MainViewController.xib in Resources */ = {isa = PBXBuildFile; fileRef = 96A269561D3CAEB4003FADEA /* MainViewController.xib */; };
		96A2695A1D3CB0CA003FADEA /* AVFoundation.framework in Frameworks */ = {isa = PBXBuildFile; fileRef = 96A269591D3CB0CA003FADEA /* AVFoundation.framework */; };
		97273E662A92AA26756BEE3F /* Pods_SampleAudioStreaming.framework in Frameworks */ = {isa = PBXBuildFile; fileRef = 00F35D5F6FDCF006AA2EA0C8 /* Pods_SampleAudioStreaming.framework */; };
		C1ABE3464E0C55651935031E /* Pods_SampleAudioStreamingTests.framework in Frameworks */ = {isa = PBXBuildFile; fileRef = 58898B1C74F32069078FB66A /* Pods_SampleAudioStreamingTests.framework */; };
/* End PBXBuildFile section */

/* Begin PBXContainerItemProxy section */
		96A269441D3CADE2003FADEA /* PBXContainerItemProxy */ = {
			isa = PBXContainerItemProxy;
			containerPortal = 96A269271D3CADE2003FADEA /* Project object */;
			proxyType = 1;
			remoteGlobalIDString = 96A2692E1D3CADE2003FADEA;
			remoteInfo = SampleAudioStreaming;
		};
/* End PBXContainerItemProxy section */

/* Begin PBXFileReference section */
		00F35D5F6FDCF006AA2EA0C8 /* Pods_SampleAudioStreaming.framework */ = {isa = PBXFileReference; explicitFileType = wrapper.framework; includeInIndex = 0; path = Pods_SampleAudioStreaming.framework; sourceTree = BUILT_PRODUCTS_DIR; };
		10DB6E4171FFEF736C8142FF /* Pods-SampleAudioStreamingTests.debug.xcconfig */ = {isa = PBXFileReference; includeInIndex = 1; lastKnownFileType = text.xcconfig; name = "Pods-SampleAudioStreamingTests.debug.xcconfig"; path = "Pods/Target Support Files/Pods-SampleAudioStreamingTests/Pods-SampleAudioStreamingTests.debug.xcconfig"; sourceTree = "<group>"; };
		505B98B4B6569922BA20B933 /* Pods-SampleAudioStreaming.debug.xcconfig */ = {isa = PBXFileReference; includeInIndex = 1; lastKnownFileType = text.xcconfig; name = "Pods-SampleAudioStreaming.debug.xcconfig"; path = "Pods/Target Support Files/Pods-SampleAudioStreaming/Pods-SampleAudioStreaming.debug.xcconfig"; sourceTree = "<group>"; };
		58898B1C74F32069078FB66A /* Pods_SampleAudioStreamingTests.framework */ = {isa = PBXFileReference; explicitFileType = wrapper.framework; includeInIndex = 0; path = Pods_SampleAudioStreamingTests.framework; sourceTree = BUILT_PRODUCTS_DIR; };
		63D1F97C952A42C57ADD0F25 /* Pods-SampleAudioStreamingTests.release.xcconfig */ = {isa = PBXFileReference; includeInIndex = 1; lastKnownFileType = text.xcconfig; name = "Pods-SampleAudioStreamingTests.release.xcconfig"; path = "Pods/Target Support Files/Pods-SampleAudioStreamingTests/Pods-SampleAudioStreamingTests.release.xcconfig"; sourceTree = "<group>"; };
		658E972A2CE8A4553927C6AA /* Pods-SampleAudioStreaming.release.xcconfig */ = {isa = PBXFileReference; includeInIndex = 1; lastKnownFileType = text.xcconfig; name = "Pods-SampleAudioStreaming.release.xcconfig"; path = "Pods/Target Support Files/Pods-SampleAudioStreaming/Pods-SampleAudioStreaming.release.xcconfig"; sourceTree = "<group>"; };
		96A2692F1D3CADE2003FADEA /* SampleAudioStreaming.app */ = {isa = PBXFileReference; explicitFileType = wrapper.application; includeInIndex = 0; path = SampleAudioStreaming.app; sourceTree = BUILT_PRODUCTS_DIR; };
		96A269321D3CADE2003FADEA /* AppDelegate.swift */ = {isa = PBXFileReference; lastKnownFileType = sourcecode.swift; path = AppDelegate.swift; sourceTree = "<group>"; };
		96A269341D3CADE2003FADEA /* ViewController.swift */ = {isa = PBXFileReference; lastKnownFileType = sourcecode.swift; path = ViewController.swift; sourceTree = "<group>"; };
		96A269371D3CADE2003FADEA /* Base */ = {isa = PBXFileReference; lastKnownFileType = file.storyboard; name = Base; path = Base.lproj/Main.storyboard; sourceTree = "<group>"; };
		96A269391D3CADE2003FADEA /* Assets.xcassets */ = {isa = PBXFileReference; lastKnownFileType = folder.assetcatalog; path = Assets.xcassets; sourceTree = "<group>"; };
		96A2693C1D3CADE2003FADEA /* Base */ = {isa = PBXFileReference; lastKnownFileType = file.storyboard; name = Base; path = Base.lproj/LaunchScreen.storyboard; sourceTree = "<group>"; };
		96A2693E1D3CADE2003FADEA /* Info.plist */ = {isa = PBXFileReference; lastKnownFileType = text.plist.xml; path = Info.plist; sourceTree = "<group>"; };
		96A269431D3CADE2003FADEA /* SampleAudioStreamingTests.xctest */ = {isa = PBXFileReference; explicitFileType = wrapper.cfbundle; includeInIndex = 0; path = SampleAudioStreamingTests.xctest; sourceTree = BUILT_PRODUCTS_DIR; };
		96A269471D3CADE2003FADEA /* SampleAudioStreamingTests.swift */ = {isa = PBXFileReference; lastKnownFileType = sourcecode.swift; path = SampleAudioStreamingTests.swift; sourceTree = "<group>"; };
		96A269491D3CADE2003FADEA /* Info.plist */ = {isa = PBXFileReference; lastKnownFileType = text.plist.xml; path = Info.plist; sourceTree = "<group>"; };
		96A269521D3CAE77003FADEA /* AVKit.framework */ = {isa = PBXFileReference; lastKnownFileType = wrapper.framework; name = AVKit.framework; path = System/Library/Frameworks/AVKit.framework; sourceTree = SDKROOT; };
		96A269551D3CAEB4003FADEA /* MainViewController.swift */ = {isa = PBXFileReference; fileEncoding = 4; lastKnownFileType = sourcecode.swift; path = MainViewController.swift; sourceTree = "<group>"; };
		96A269561D3CAEB4003FADEA /* MainViewController.xib */ = {isa = PBXFileReference; fileEncoding = 4; lastKnownFileType = file.xib; path = MainViewController.xib; sourceTree = "<group>"; };
		96A269591D3CB0CA003FADEA /* AVFoundation.framework */ = {isa = PBXFileReference; lastKnownFileType = wrapper.framework; name = AVFoundation.framework; path = System/Library/Frameworks/AVFoundation.framework; sourceTree = SDKROOT; };
		96A2695C1D3CBAB9003FADEA /* SampleAudioStreaming-Bridging-Header.h */ = {isa = PBXFileReference; fileEncoding = 4; lastKnownFileType = sourcecode.c.h; path = "SampleAudioStreaming-Bridging-Header.h"; sourceTree = "<group>"; };
/* End PBXFileReference section */

/* Begin PBXFrameworksBuildPhase section */
		96A2692C1D3CADE2003FADEA /* Frameworks */ = {
			isa = PBXFrameworksBuildPhase;
			buildActionMask = 2147483647;
			files = (
				96A2695A1D3CB0CA003FADEA /* AVFoundation.framework in Frameworks */,
				96A269531D3CAE77003FADEA /* AVKit.framework in Frameworks */,
				97273E662A92AA26756BEE3F /* Pods_SampleAudioStreaming.framework in Frameworks */,
			);
			runOnlyForDeploymentPostprocessing = 0;
		};
		96A269401D3CADE2003FADEA /* Frameworks */ = {
			isa = PBXFrameworksBuildPhase;
			buildActionMask = 2147483647;
			files = (
				C1ABE3464E0C55651935031E /* Pods_SampleAudioStreamingTests.framework in Frameworks */,
			);
			runOnlyForDeploymentPostprocessing = 0;
		};
/* End PBXFrameworksBuildPhase section */

/* Begin PBXGroup section */
		484C3FCB8398EEF2E664555E /* Pods */ = {
			isa = PBXGroup;
			children = (
				505B98B4B6569922BA20B933 /* Pods-SampleAudioStreaming.debug.xcconfig */,
				658E972A2CE8A4553927C6AA /* Pods-SampleAudioStreaming.release.xcconfig */,
				10DB6E4171FFEF736C8142FF /* Pods-SampleAudioStreamingTests.debug.xcconfig */,
				63D1F97C952A42C57ADD0F25 /* Pods-SampleAudioStreamingTests.release.xcconfig */,
			);
			name = Pods;
			sourceTree = "<group>";
		};
		96A269261D3CADE2003FADEA = {
			isa = PBXGroup;
			children = (
				96A269541D3CAE81003FADEA /* Frameworks */,
				96A269311D3CADE2003FADEA /* SampleAudioStreaming */,
				96A269461D3CADE2003FADEA /* SampleAudioStreamingTests */,
				96A269301D3CADE2003FADEA /* Products */,
				484C3FCB8398EEF2E664555E /* Pods */,
			);
			sourceTree = "<group>";
		};
		96A269301D3CADE2003FADEA /* Products */ = {
			isa = PBXGroup;
			children = (
				96A2692F1D3CADE2003FADEA /* SampleAudioStreaming.app */,
				96A269431D3CADE2003FADEA /* SampleAudioStreamingTests.xctest */,
			);
			name = Products;
			sourceTree = "<group>";
		};
		96A269311D3CADE2003FADEA /* SampleAudioStreaming */ = {
			isa = PBXGroup;
			children = (
				96A269321D3CADE2003FADEA /* AppDelegate.swift */,
				96A269341D3CADE2003FADEA /* ViewController.swift */,
				96A269361D3CADE2003FADEA /* Main.storyboard */,
				96A269391D3CADE2003FADEA /* Assets.xcassets */,
				96A2693B1D3CADE2003FADEA /* LaunchScreen.storyboard */,
				96A2693E1D3CADE2003FADEA /* Info.plist */,
				96A269551D3CAEB4003FADEA /* MainViewController.swift */,
				96A269561D3CAEB4003FADEA /* MainViewController.xib */,
				96A2695C1D3CBAB9003FADEA /* SampleAudioStreaming-Bridging-Header.h */,
			);
			path = SampleAudioStreaming;
			sourceTree = "<group>";
		};
		96A269461D3CADE2003FADEA /* SampleAudioStreamingTests */ = {
			isa = PBXGroup;
			children = (
				96A269471D3CADE2003FADEA /* SampleAudioStreamingTests.swift */,
				96A269491D3CADE2003FADEA /* Info.plist */,
			);
			path = SampleAudioStreamingTests;
			sourceTree = "<group>";
		};
		96A269541D3CAE81003FADEA /* Frameworks */ = {
			isa = PBXGroup;
			children = (
				96A269591D3CB0CA003FADEA /* AVFoundation.framework */,
				96A269521D3CAE77003FADEA /* AVKit.framework */,
				00F35D5F6FDCF006AA2EA0C8 /* Pods_SampleAudioStreaming.framework */,
				58898B1C74F32069078FB66A /* Pods_SampleAudioStreamingTests.framework */,
			);
			name = Frameworks;
			sourceTree = "<group>";
		};
/* End PBXGroup section */

/* Begin PBXNativeTarget section */
		96A2692E1D3CADE2003FADEA /* SampleAudioStreaming */ = {
			isa = PBXNativeTarget;
			buildConfigurationList = 96A2694C1D3CADE2003FADEA /* Build configuration list for PBXNativeTarget "SampleAudioStreaming" */;
			buildPhases = (
				D3C337043C2B552C71591770 /* [CP] Check Pods Manifest.lock */,
				96A2692B1D3CADE2003FADEA /* Sources */,
				96A2692C1D3CADE2003FADEA /* Frameworks */,
				96A2692D1D3CADE2003FADEA /* Resources */,
				4BC8896A8DF7EC859EEB3950 /* [CP] Embed Pods Frameworks */,
				9C4557EF92AD48D7E0FFCBF6 /* [CP] Copy Pods Resources */,
			);
			buildRules = (
			);
			dependencies = (
			);
			name = SampleAudioStreaming;
			productName = SampleAudioStreaming;
			productReference = 96A2692F1D3CADE2003FADEA /* SampleAudioStreaming.app */;
			productType = "com.apple.product-type.application";
		};
		96A269421D3CADE2003FADEA /* SampleAudioStreamingTests */ = {
			isa = PBXNativeTarget;
			buildConfigurationList = 96A2694F1D3CADE2003FADEA /* Build configuration list for PBXNativeTarget "SampleAudioStreamingTests" */;
			buildPhases = (
				AFF00CE405210E5D83F23C32 /* [CP] Check Pods Manifest.lock */,
				96A2693F1D3CADE2003FADEA /* Sources */,
				96A269401D3CADE2003FADEA /* Frameworks */,
				96A269411D3CADE2003FADEA /* Resources */,
				BB133EC1A11586353A6D25A1 /* [CP] Embed Pods Frameworks */,
				F7D125489010C4794AFEFE49 /* [CP] Copy Pods Resources */,
			);
			buildRules = (
			);
			dependencies = (
				96A269451D3CADE2003FADEA /* PBXTargetDependency */,
			);
			name = SampleAudioStreamingTests;
			productName = SampleAudioStreamingTests;
			productReference = 96A269431D3CADE2003FADEA /* SampleAudioStreamingTests.xctest */;
			productType = "com.apple.product-type.bundle.unit-test";
		};
/* End PBXNativeTarget section */

/* Begin PBXProject section */
		96A269271D3CADE2003FADEA /* Project object */ = {
			isa = PBXProject;
			attributes = {
				LastSwiftUpdateCheck = 0730;
				LastUpgradeCheck = 0730;
				ORGANIZATIONNAME = acumenvn;
				TargetAttributes = {
					96A2692E1D3CADE2003FADEA = {
						CreatedOnToolsVersion = 7.3;
					};
					96A269421D3CADE2003FADEA = {
						CreatedOnToolsVersion = 7.3;
						TestTargetID = 96A2692E1D3CADE2003FADEA;
					};
				};
			};
			buildConfigurationList = 96A2692A1D3CADE2003FADEA /* Build configuration list for PBXProject "SampleAudioStreaming" */;
			compatibilityVersion = "Xcode 3.2";
			developmentRegion = English;
			hasScannedForEncodings = 0;
			knownRegions = (
				en,
				Base,
			);
			mainGroup = 96A269261D3CADE2003FADEA;
			productRefGroup = 96A269301D3CADE2003FADEA /* Products */;
			projectDirPath = "";
			projectRoot = "";
			targets = (
				96A2692E1D3CADE2003FADEA /* SampleAudioStreaming */,
				96A269421D3CADE2003FADEA /* SampleAudioStreamingTests */,
			);
		};
/* End PBXProject section */

/* Begin PBXResourcesBuildPhase section */
		96A2692D1D3CADE2003FADEA /* Resources */ = {
			isa = PBXResourcesBuildPhase;
			buildActionMask = 2147483647;
			files = (
				96A2693D1D3CADE2003FADEA /* LaunchScreen.storyboard in Resources */,
				96A2693A1D3CADE2003FADEA /* Assets.xcassets in Resources */,
				96A269381D3CADE2003FADEA /* Main.storyboard in Resources */,
				96A269581D3CAEB4003FADEA /* MainViewController.xib in Resources */,
			);
			runOnlyForDeploymentPostprocessing = 0;
		};
		96A269411D3CADE2003FADEA /* Resources */ = {
			isa = PBXResourcesBuildPhase;
			buildActionMask = 2147483647;
			files = (
			);
			runOnlyForDeploymentPostprocessing = 0;
		};
/* End PBXResourcesBuildPhase section */

/* Begin PBXShellScriptBuildPhase section */
		4BC8896A8DF7EC859EEB3950 /* [CP] Embed Pods Frameworks */ = {
			isa = PBXShellScriptBuildPhase;
			buildActionMask = 2147483647;
			files = (
			);
			inputPaths = (
			);
			name = "[CP] Embed Pods Frameworks";
			outputPaths = (
			);
			runOnlyForDeploymentPostprocessing = 0;
			shellPath = /bin/sh;
			shellScript = "\"${SRCROOT}/Pods/Target Support Files/Pods-SampleAudioStreaming/Pods-SampleAudioStreaming-frameworks.sh\"\n";
			showEnvVarsInLog = 0;
		};
		9C4557EF92AD48D7E0FFCBF6 /* [CP] Copy Pods Resources */ = {
			isa = PBXShellScriptBuildPhase;
			buildActionMask = 2147483647;
			files = (
			);
			inputPaths = (
			);
			name = "[CP] Copy Pods Resources";
			outputPaths = (
			);
			runOnlyForDeploymentPostprocessing = 0;
			shellPath = /bin/sh;
			shellScript = "\"${SRCROOT}/Pods/Target Support Files/Pods-SampleAudioStreaming/Pods-SampleAudioStreaming-resources.sh\"\n";
			showEnvVarsInLog = 0;
		};
		AFF00CE405210E5D83F23C32 /* [CP] Check Pods Manifest.lock */ = {
			isa = PBXShellScriptBuildPhase;
			buildActionMask = 2147483647;
			files = (
			);
			inputPaths = (
			);
			name = "[CP] Check Pods Manifest.lock";
			outputPaths = (
			);
			runOnlyForDeploymentPostprocessing = 0;
			shellPath = /bin/sh;
			shellScript = "diff \"${PODS_ROOT}/../Podfile.lock\" \"${PODS_ROOT}/Manifest.lock\" > /dev/null\nif [[ $? != 0 ]] ; then\n    cat << EOM\nerror: The sandbox is not in sync with the Podfile.lock. Run 'pod install' or update your CocoaPods installation.\nEOM\n    exit 1\nfi\n";
			showEnvVarsInLog = 0;
		};
		BB133EC1A11586353A6D25A1 /* [CP] Embed Pods Frameworks */ = {
			isa = PBXShellScriptBuildPhase;
			buildActionMask = 2147483647;
			files = (
			);
			inputPaths = (
			);
			name = "[CP] Embed Pods Frameworks";
			outputPaths = (
			);
			runOnlyForDeploymentPostprocessing = 0;
			shellPath = /bin/sh;
			shellScript = "\"${SRCROOT}/Pods/Target Support Files/Pods-SampleAudioStreamingTests/Pods-SampleAudioStreamingTests-frameworks.sh\"\n";
			showEnvVarsInLog = 0;
		};
		D3C337043C2B552C71591770 /* [CP] Check Pods Manifest.lock */ = {
			isa = PBXShellScriptBuildPhase;
			buildActionMask = 2147483647;
			files = (
			);
			inputPaths = (
			);
			name = "[CP] Check Pods Manifest.lock";
			outputPaths = (
			);
			runOnlyForDeploymentPostprocessing = 0;
			shellPath = /bin/sh;
			shellScript = "diff \"${PODS_ROOT}/../Podfile.lock\" \"${PODS_ROOT}/Manifest.lock\" > /dev/null\nif [[ $? != 0 ]] ; then\n    cat << EOM\nerror: The sandbox is not in sync with the Podfile.lock. Run 'pod install' or update your CocoaPods installation.\nEOM\n    exit 1\nfi\n";
			showEnvVarsInLog = 0;
		};
		F7D125489010C4794AFEFE49 /* [CP] Copy Pods Resources */ = {
			isa = PBXShellScriptBuildPhase;
			buildActionMask = 2147483647;
			files = (
			);
			inputPaths = (
			);
			name = "[CP] Copy Pods Resources";
			outputPaths = (
			);
			runOnlyForDeploymentPostprocessing = 0;
			shellPath = /bin/sh;
			shellScript = "\"${SRCROOT}/Pods/Target Support Files/Pods-SampleAudioStreamingTests/Pods-SampleAudioStreamingTests-resources.sh\"\n";
			showEnvVarsInLog = 0;
		};
/* End PBXShellScriptBuildPhase section */

/* Begin PBXSourcesBuildPhase section */
		96A2692B1D3CADE2003FADEA /* Sources */ = {
			isa = PBXSourcesBuildPhase;
			buildActionMask = 2147483647;
			files = (
				96A269571D3CAEB4003FADEA /* MainViewController.swift in Sources */,
				96A269351D3CADE2003FADEA /* ViewController.swift in Sources */,
				96A269331D3CADE2003FADEA /* AppDelegate.swift in Sources */,
			);
			runOnlyForDeploymentPostprocessing = 0;
		};
		96A2693F1D3CADE2003FADEA /* Sources */ = {
			isa = PBXSourcesBuildPhase;
			buildActionMask = 2147483647;
			files = (
				96A269481D3CADE2003FADEA /* SampleAudioStreamingTests.swift in Sources */,
			);
			runOnlyForDeploymentPostprocessing = 0;
		};
/* End PBXSourcesBuildPhase section */

/* Begin PBXTargetDependency section */
		96A269451D3CADE2003FADEA /* PBXTargetDependency */ = {
			isa = PBXTargetDependency;
			target = 96A2692E1D3CADE2003FADEA /* SampleAudioStreaming */;
			targetProxy = 96A269441D3CADE2003FADEA /* PBXContainerItemProxy */;
		};
/* End PBXTargetDependency section */

/* Begin PBXVariantGroup section */
		96A269361D3CADE2003FADEA /* Main.storyboard */ = {
			isa = PBXVariantGroup;
			children = (
				96A269371D3CADE2003FADEA /* Base */,
			);
			name = Main.storyboard;
			sourceTree = "<group>";
		};
		96A2693B1D3CADE2003FADEA /* LaunchScreen.storyboard */ = {
			isa = PBXVariantGroup;
			children = (
				96A2693C1D3CADE2003FADEA /* Base */,
			);
			name = LaunchScreen.storyboard;
			sourceTree = "<group>";
		};
/* End PBXVariantGroup section */

/* Begin XCBuildConfiguration section */
		96A2694A1D3CADE2003FADEA /* Debug */ = {
			isa = XCBuildConfiguration;
			buildSettings = {
				ALWAYS_SEARCH_USER_PATHS = NO;
				CLANG_ANALYZER_NONNULL = YES;
				CLANG_CXX_LANGUAGE_STANDARD = "gnu++0x";
				CLANG_CXX_LIBRARY = "libc++";
				CLANG_ENABLE_MODULES = YES;
				CLANG_ENABLE_OBJC_ARC = YES;
				CLANG_WARN_BOOL_CONVERSION = YES;
				CLANG_WARN_CONSTANT_CONVERSION = YES;
				CLANG_WARN_DIRECT_OBJC_ISA_USAGE = YES_ERROR;
				CLANG_WARN_EMPTY_BODY = YES;
				CLANG_WARN_ENUM_CONVERSION = YES;
				CLANG_WARN_INT_CONVERSION = YES;
				CLANG_WARN_OBJC_ROOT_CLASS = YES_ERROR;
				CLANG_WARN_UNREACHABLE_CODE = YES;
				CLANG_WARN__DUPLICATE_METHOD_MATCH = YES;
				"CODE_SIGN_IDENTITY[sdk=iphoneos*]" = "iPhone Developer";
				COPY_PHASE_STRIP = NO;
				DEBUG_INFORMATION_FORMAT = dwarf;
				ENABLE_STRICT_OBJC_MSGSEND = YES;
				ENABLE_TESTABILITY = YES;
				GCC_C_LANGUAGE_STANDARD = gnu99;
				GCC_DYNAMIC_NO_PIC = NO;
				GCC_NO_COMMON_BLOCKS = YES;
				GCC_OPTIMIZATION_LEVEL = 0;
				GCC_PREPROCESSOR_DEFINITIONS = (
					"DEBUG=1",
					"$(inherited)",
				);
				GCC_WARN_64_TO_32_BIT_CONVERSION = YES;
				GCC_WARN_ABOUT_RETURN_TYPE = YES_ERROR;
				GCC_WARN_UNDECLARED_SELECTOR = YES;
				GCC_WARN_UNINITIALIZED_AUTOS = YES_AGGRESSIVE;
				GCC_WARN_UNUSED_FUNCTION = YES;
				GCC_WARN_UNUSED_VARIABLE = YES;
				IPHONEOS_DEPLOYMENT_TARGET = 9.3;
				MTL_ENABLE_DEBUG_INFO = YES;
				ONLY_ACTIVE_ARCH = YES;
				SDKROOT = iphoneos;
				SWIFT_OPTIMIZATION_LEVEL = "-Onone";
			};
			name = Debug;
		};
		96A2694B1D3CADE2003FADEA /* Release */ = {
			isa = XCBuildConfiguration;
			buildSettings = {
				ALWAYS_SEARCH_USER_PATHS = NO;
				CLANG_ANALYZER_NONNULL = YES;
				CLANG_CXX_LANGUAGE_STANDARD = "gnu++0x";
				CLANG_CXX_LIBRARY = "libc++";
				CLANG_ENABLE_MODULES = YES;
				CLANG_ENABLE_OBJC_ARC = YES;
				CLANG_WARN_BOOL_CONVERSION = YES;
				CLANG_WARN_CONSTANT_CONVERSION = YES;
				CLANG_WARN_DIRECT_OBJC_ISA_USAGE = YES_ERROR;
				CLANG_WARN_EMPTY_BODY = YES;
				CLANG_WARN_ENUM_CONVERSION = YES;
				CLANG_WARN_INT_CONVERSION = YES;
				CLANG_WARN_OBJC_ROOT_CLASS = YES_ERROR;
				CLANG_WARN_UNREACHABLE_CODE = YES;
				CLANG_WARN__DUPLICATE_METHOD_MATCH = YES;
				"CODE_SIGN_IDENTITY[sdk=iphoneos*]" = "iPhone Developer";
				COPY_PHASE_STRIP = NO;
				DEBUG_INFORMATION_FORMAT = "dwarf-with-dsym";
				ENABLE_NS_ASSERTIONS = NO;
				ENABLE_STRICT_OBJC_MSGSEND = YES;
				GCC_C_LANGUAGE_STANDARD = gnu99;
				GCC_NO_COMMON_BLOCKS = YES;
				GCC_WARN_64_TO_32_BIT_CONVERSION = YES;
				GCC_WARN_ABOUT_RETURN_TYPE = YES_ERROR;
				GCC_WARN_UNDECLARED_SELECTOR = YES;
				GCC_WARN_UNINITIALIZED_AUTOS = YES_AGGRESSIVE;
				GCC_WARN_UNUSED_FUNCTION = YES;
				GCC_WARN_UNUSED_VARIABLE = YES;
				IPHONEOS_DEPLOYMENT_TARGET = 9.3;
				MTL_ENABLE_DEBUG_INFO = NO;
				SDKROOT = iphoneos;
				VALIDATE_PRODUCT = YES;
			};
			name = Release;
		};
		96A2694D1D3CADE2003FADEA /* Debug */ = {
			isa = XCBuildConfiguration;
			baseConfigurationReference = 505B98B4B6569922BA20B933 /* Pods-SampleAudioStreaming.debug.xcconfig */;
			buildSettings = {
				ASSETCATALOG_COMPILER_APPICON_NAME = AppIcon;
				INFOPLIST_FILE = SampleAudioStreaming/Info.plist;
				LD_RUNPATH_SEARCH_PATHS = "$(inherited) @executable_path/Frameworks";
				PRODUCT_BUNDLE_IDENTIFIER = com.acumenvn.SampleAudioStreaming;
				PRODUCT_NAME = "$(TARGET_NAME)";
				SWIFT_OBJC_BRIDGING_HEADER = "SampleAudioStreaming/SampleAudioStreaming-Bridging-Header.h";
			};
			name = Debug;
		};
		96A2694E1D3CADE2003FADEA /* Release */ = {
			isa = XCBuildConfiguration;
			baseConfigurationReference = 658E972A2CE8A4553927C6AA /* Pods-SampleAudioStreaming.release.xcconfig */;
			buildSettings = {
				ASSETCATALOG_COMPILER_APPICON_NAME = AppIcon;
				INFOPLIST_FILE = SampleAudioStreaming/Info.plist;
				LD_RUNPATH_SEARCH_PATHS = "$(inherited) @executable_path/Frameworks";
				PRODUCT_BUNDLE_IDENTIFIER = com.acumenvn.SampleAudioStreaming;
				PRODUCT_NAME = "$(TARGET_NAME)";
				SWIFT_OBJC_BRIDGING_HEADER = "SampleAudioStreaming/SampleAudioStreaming-Bridging-Header.h";
			};
			name = Release;
		};
		96A269501D3CADE2003FADEA /* Debug */ = {
			isa = XCBuildConfiguration;
			baseConfigurationReference = 10DB6E4171FFEF736C8142FF /* Pods-SampleAudioStreamingTests.debug.xcconfig */;
			buildSettings = {
				BUNDLE_LOADER = "$(TEST_HOST)";
				INFOPLIST_FILE = SampleAudioStreamingTests/Info.plist;
				LD_RUNPATH_SEARCH_PATHS = "$(inherited) @executable_path/Frameworks @loader_path/Frameworks";
				PRODUCT_BUNDLE_IDENTIFIER = com.acumenvn.SampleAudioStreamingTests;
				PRODUCT_NAME = "$(TARGET_NAME)";
				TEST_HOST = "$(BUILT_PRODUCTS_DIR)/SampleAudioStreaming.app/SampleAudioStreaming";
			};
			name = Debug;
		};
		96A269511D3CADE2003FADEA /* Release */ = {
			isa = XCBuildConfiguration;
			baseConfigurationReference = 63D1F97C952A42C57ADD0F25 /* Pods-SampleAudioStreamingTests.release.xcconfig */;
			buildSettings = {
				BUNDLE_LOADER = "$(TEST_HOST)";
				INFOPLIST_FILE = SampleAudioStreamingTests/Info.plist;
				LD_RUNPATH_SEARCH_PATHS = "$(inherited) @executable_path/Frameworks @loader_path/Frameworks";
				PRODUCT_BUNDLE_IDENTIFIER = com.acumenvn.SampleAudioStreamingTests;
				PRODUCT_NAME = "$(TARGET_NAME)";
				TEST_HOST = "$(BUILT_PRODUCTS_DIR)/SampleAudioStreaming.app/SampleAudioStreaming";
			};
			name = Release;
		};
/* End XCBuildConfiguration section */

/* Begin XCConfigurationList section */
		96A2692A1D3CADE2003FADEA /* Build configuration list for PBXProject "SampleAudioStreaming" */ = {
			isa = XCConfigurationList;
			buildConfigurations = (
				96A2694A1D3CADE2003FADEA /* Debug */,
				96A2694B1D3CADE2003FADEA /* Release */,
			);
			defaultConfigurationIsVisible = 0;
			defaultConfigurationName = Release;
		};
		96A2694C1D3CADE2003FADEA /* Build configuration list for PBXNativeTarget "SampleAudioStreaming" */ = {
			isa = XCConfigurationList;
			buildConfigurations = (
				96A2694D1D3CADE2003FADEA /* Debug */,
				96A2694E1D3CADE2003FADEA /* Release */,
			);
			defaultConfigurationIsVisible = 0;
			defaultConfigurationName = Release;
		};
		96A2694F1D3CADE2003FADEA /* Build configuration list for PBXNativeTarget "SampleAudioStreamingTests" */ = {
			isa = XCConfigurationList;
			buildConfigurations = (
				96A269501D3CADE2003FADEA /* Debug */,
				96A269511D3CADE2003FADEA /* Release */,
			);
			defaultConfigurationIsVisible = 0;
			defaultConfigurationName = Release;
		};
/* End XCConfigurationList section */
	};
	rootObject = 96A269271D3CADE2003FADEA /* Project object */;
}
